
Microsoft Visual Studio Solution File, Format Version 12.00
# Visual Studio Version 17
VisualStudioVersion = 17.5.002.0
MinimumVisualStudioVersion = 10.0.40219.1
Project("{9A19103F-16F7-4668-BE54-9A1E7A4F7556}") = "test_to_excel", "test_to_excel.csproj", "{AF53361D-16D7-4FBE-AC76-DBCFF7E7DB3C}"
EndProject
Project("{2150E333-8FDC-42A3-9474-1A3956D46DE8}") = "bin", "bin", "{AA7D9AEA-830B-41C1-B441-A24867E6304D}"
EndProject
Project("{2150E333-8FDC-42A3-9474-1A3956D46DE8}") = "Release", "Release", "{16016876-ADBC-4895-9E50-F9F45A489685}"
EndProject
Project("{2150E333-8FDC-42A3-9474-1A3956D46DE8}") = "net8.0", "net8.0", "{40D12AF2-F22F-4667-9E00-550D89C62810}"
EndProject
Project("{9A19103F-16F7-4668-BE54-9A1E7A4F7556}") = "BenchmarkDotNet.Autogenerated", "bin\Release\net8.0\01b972a6-c6d1-4805-ac75-adc532468581\BenchmarkDotNet.Autogenerated.csproj", "{74756CC1-0D04-48C6-9977-80C7BF3773AC}"
EndProject
Project("{9A19103F-16F7-4668-BE54-9A1E7A4F7556}") = "BenchmarkDotNet.Autogenerated (1)", "bin\Release\net8.0\0e2d6410-e36f-45bc-ba2f-ee5f9a10e09f\BenchmarkDotNet.Autogenerated.csproj", "{38FE978E-656E-43D2-BA19-3D28401A8D01}"
EndProject
Project("{9A19103F-16F7-4668-BE54-9A1E7A4F7556}") = "BenchmarkDotNet.Autogenerated (2)", "bin\Release\net8.0\87276e5c-75f0-4532-b4cb-fe12ce8b953b\BenchmarkDotNet.Autogenerated.csproj", "{12105A4C-A102-4F3C-A798-F619A03DBF59}"
EndProject
Project("{9A19103F-16F7-4668-BE54-9A1E7A4F7556}") = "BenchmarkDotNet.Autogenerated (3)", "bin\Release\net8.0\f91e8f14-9968-4909-871e-712eb0151d12\BenchmarkDotNet.Autogenerated.csproj", "{87EBD728-45C4-4488-9FA9-2945BC17DD2F}"
EndProject
Global
	GlobalSection(SolutionConfigurationPlatforms) = preSolution
		Debug|Any CPU = Debug|Any CPU
		Release|Any CPU = Release|Any CPU
	EndGlobalSection
	GlobalSection(ProjectConfigurationPlatforms) = postSolution
		{AF53361D-16D7-4FBE-AC76-DBCFF7E7DB3C}.Debug|Any CPU.ActiveCfg = Debug|Any CPU
		{AF53361D-16D7-4FBE-AC76-DBCFF7E7DB3C}.Debug|Any CPU.Build.0 = Debug|Any CPU
		{AF53361D-16D7-4FBE-AC76-DBCFF7E7DB3C}.Release|Any CPU.ActiveCfg = Release|Any CPU
		{AF53361D-16D7-4FBE-AC76-DBCFF7E7DB3C}.Release|Any CPU.Build.0 = Release|Any CPU
		{74756CC1-0D04-48C6-9977-80C7BF3773AC}.Debug|Any CPU.ActiveCfg = Debug|Any CPU
		{74756CC1-0D04-48C6-9977-80C7BF3773AC}.Debug|Any CPU.Build.0 = Debug|Any CPU
		{74756CC1-0D04-48C6-9977-80C7BF3773AC}.Release|Any CPU.ActiveCfg = Release|Any CPU
		{74756CC1-0D04-48C6-9977-80C7BF3773AC}.Release|Any CPU.Build.0 = Release|Any CPU
		{38FE978E-656E-43D2-BA19-3D28401A8D01}.Debug|Any CPU.ActiveCfg = Debug|Any CPU
		{38FE978E-656E-43D2-BA19-3D28401A8D01}.Debug|Any CPU.Build.0 = Debug|Any CPU
		{38FE978E-656E-43D2-BA19-3D28401A8D01}.Release|Any CPU.ActiveCfg = Release|Any CPU
		{38FE978E-656E-43D2-BA19-3D28401A8D01}.Release|Any CPU.Build.0 = Release|Any CPU
		{12105A4C-A102-4F3C-A798-F619A03DBF59}.Debug|Any CPU.ActiveCfg = Debug|Any CPU
		{12105A4C-A102-4F3C-A798-F619A03DBF59}.Debug|Any CPU.Build.0 = Debug|Any CPU
		{12105A4C-A102-4F3C-A798-F619A03DBF59}.Release|Any CPU.ActiveCfg = Release|Any CPU
		{12105A4C-A102-4F3C-A798-F619A03DBF59}.Release|Any CPU.Build.0 = Release|Any CPU
		{87EBD728-45C4-4488-9FA9-2945BC17DD2F}.Debug|Any CPU.ActiveCfg = Debug|Any CPU
		{87EBD728-45C4-4488-9FA9-2945BC17DD2F}.Debug|Any CPU.Build.0 = Debug|Any CPU
		{87EBD728-45C4-4488-9FA9-2945BC17DD2F}.Release|Any CPU.ActiveCfg = Release|Any CPU
		{87EBD728-45C4-4488-9FA9-2945BC17DD2F}.Release|Any CPU.Build.0 = Release|Any CPU
	EndGlobalSection
	GlobalSection(SolutionProperties) = preSolution
		HideSolutionNode = FALSE
	EndGlobalSection
	GlobalSection(NestedProjects) = preSolution
		{16016876-ADBC-4895-9E50-F9F45A489685} = {AA7D9AEA-830B-41C1-B441-A24867E6304D}
		{40D12AF2-F22F-4667-9E00-550D89C62810} = {16016876-ADBC-4895-9E50-F9F45A489685}
		{74756CC1-0D04-48C6-9977-80C7BF3773AC} = {40D12AF2-F22F-4667-9E00-550D89C62810}
		{38FE978E-656E-43D2-BA19-3D28401A8D01} = {40D12AF2-F22F-4667-9E00-550D89C62810}
		{12105A4C-A102-4F3C-A798-F619A03DBF59} = {40D12AF2-F22F-4667-9E00-550D89C62810}
		{87EBD728-45C4-4488-9FA9-2945BC17DD2F} = {40D12AF2-F22F-4667-9E00-550D89C62810}
	EndGlobalSection
	GlobalSection(ExtensibilityGlobals) = postSolution
		SolutionGuid = {863BC73E-CF3F-4399-87D1-7371FD89B42F}
	EndGlobalSection
EndGlobal
